
Microsoft Visual Studio Solution File, Format Version 12.00
# Visual Studio Version 17
VisualStudioVersion = 17.5.33516.290
MinimumVisualStudioVersion = 10.0.40219.1
Project("{9A19103F-16F7-4668-BE54-9A1E7A4F7556}") = "SRPInitial", "SRPInitial\SRPInitial.csproj", "{DD26651E-9210-4FF9-AE74-F68EF2413FFF}"
EndProject
Project("{2150E333-8FDC-42A3-9474-1A3956D46DE8}") = "SRP", "SRP", "{B810C885-F1B1-42B7-9032-C56DECEFB7E4}"
EndProject
Project("{2150E333-8FDC-42A3-9474-1A3956D46DE8}") = "OCP", "OCP", "{AAC9449A-7297-48B8-8EAC-2DF5F4B0AEEE}"
EndProject
Project("{9A19103F-16F7-4668-BE54-9A1E7A4F7556}") = "OCPInitial", "OCPInitial\OCPInitial.csproj", "{2B39394A-7825-4012-ABCC-6BD15801BA7F}"
EndProject
Project("{2150E333-8FDC-42A3-9474-1A3956D46DE8}") = "LSP", "LSP", "{5B539B75-A544-4DEF-8188-4DD8135AC966}"
EndProject
Project("{9A19103F-16F7-4668-BE54-9A1E7A4F7556}") = "LSPInitial", "LSPInitial\LSPInitial.csproj", "{962D0B80-78FE-4A02-9493-3C1EEF39E7DE}"
EndProject
Project("{2150E333-8FDC-42A3-9474-1A3956D46DE8}") = "ISP", "ISP", "{3D85FD94-CB06-4A76-98CE-D87A65174CA0}"
EndProject
Project("{9A19103F-16F7-4668-BE54-9A1E7A4F7556}") = "ISPInitial", "ISPInitial\ISPInitial.csproj", "{46FB37DD-8F2B-4476-9E23-EA19C350DDA9}"
EndProject
Project("{2150E333-8FDC-42A3-9474-1A3956D46DE8}") = "DIP", "DIP", "{429BFAF2-8931-47D3-AB08-FFC93B9E7F96}"
EndProject
Project("{9A19103F-16F7-4668-BE54-9A1E7A4F7556}") = "DIPInitial", "DIPInitial\DIPInitial.csproj", "{FAA082F7-A439-4DE4-9978-152885E9C8AA}"
EndProject
Project("{9A19103F-16F7-4668-BE54-9A1E7A4F7556}") = "SolidPrinciples", "SolidPrinciples\SolidPrinciples.csproj", "{324D3333-A373-499C-A1E7-FFF27E519C26}"
EndProject
Project("{9A19103F-16F7-4668-BE54-9A1E7A4F7556}") = "SRPFinal", "SRPFinal\SRPFinal.csproj", "{37EB16AE-FF60-44E3-B281-01F86A55D35C}"
EndProject
Project("{9A19103F-16F7-4668-BE54-9A1E7A4F7556}") = "SRPFinalRev1", "SRPFinalRev1\SRPFinalRev1.csproj", "{FBE7050B-6655-4638-A793-941406560FD8}"
EndProject
Project("{9A19103F-16F7-4668-BE54-9A1E7A4F7556}") = "OCPFinal", "OCPFinal\OCPFinal.csproj", "{EDC8D54B-3C86-49AF-BA5B-8BC3C09A3BFE}"
EndProject
Project("{2150E333-8FDC-42A3-9474-1A3956D46DE8}") = "OCPExample2", "OCPExample2", "{43D8AE58-FC7F-4D2F-ABA7-81DF98C09267}"
EndProject
Project("{9A19103F-16F7-4668-BE54-9A1E7A4F7556}") = "OCPEx2Initial", "OCPEx2Initial\OCPEx2Initial.csproj", "{9E42C568-6A05-4C8E-9382-39463F7B0D95}"
EndProject
Project("{9A19103F-16F7-4668-BE54-9A1E7A4F7556}") = "OCPEx2Final", "OCPEx2Final\OCPEx2Final.csproj", "{A0B0AEC0-B376-4F99-966E-70B47E39F8CF}"
EndProject
Project("{9A19103F-16F7-4668-BE54-9A1E7A4F7556}") = "LSPInitialRev1", "LSPInitialRev1\LSPInitialRev1.csproj", "{D86831A8-1FA1-467A-B098-7CA005D13E74}"
EndProject
Project("{9A19103F-16F7-4668-BE54-9A1E7A4F7556}") = "LSPFinal", "LSPFinal\LSPFinal.csproj", "{1AD87F40-8843-4EA3-8B94-4DB26DD73270}"
EndProject
Project("{9A19103F-16F7-4668-BE54-9A1E7A4F7556}") = "ISPFinal", "ISPFinal\ISPFinal.csproj", "{19F735DE-D1A6-4EC5-9632-CFE5F48058E3}"
EndProject
Project("{2150E333-8FDC-42A3-9474-1A3956D46DE8}") = "DIPEx1Initial", "DIPEx1Initial", "{85C08DB5-18A4-4195-84FF-D6332C0AEA41}"
EndProject
Project("{2150E333-8FDC-42A3-9474-1A3956D46DE8}") = "DIPEx1Final", "DIPEx1Final", "{A0D693CD-9709-47A2-B8FB-9617F7C9A9E9}"
EndProject
Project("{9A19103F-16F7-4668-BE54-9A1E7A4F7556}") = "ConsoleUI", "DIPEx1Initial\ConsoleUI\ConsoleUI.csproj", "{36289F8D-FF9E-415E-8712-10418D363B15}"
EndProject
Project("{9A19103F-16F7-4668-BE54-9A1E7A4F7556}") = "DemoClassLibrary", "DIPEx1Initial\DemoClassLibrary\DemoClassLibrary.csproj", "{E546396C-9F08-448C-911C-EEF0A93C4A09}"
EndProject
Project("{9A19103F-16F7-4668-BE54-9A1E7A4F7556}") = "ConsoleUI", "DIPEx1Final\ConsoleUI\ConsoleUI.csproj", "{275F07CE-943E-4F74-87BE-F129D2B1E1AA}"
EndProject
Project("{9A19103F-16F7-4668-BE54-9A1E7A4F7556}") = "DemoClassLibrary", "DIPEx1Final\DemoClassLibrary\DemoClassLibrary.csproj", "{9DF8EF93-FC16-408B-A04B-6D1E5BCBD1C2}"
EndProject
Global
	GlobalSection(SolutionConfigurationPlatforms) = preSolution
		Debug|Any CPU = Debug|Any CPU
		Release|Any CPU = Release|Any CPU
	EndGlobalSection
	GlobalSection(ProjectConfigurationPlatforms) = postSolution
		{DD26651E-9210-4FF9-AE74-F68EF2413FFF}.Debug|Any CPU.ActiveCfg = Debug|Any CPU
		{DD26651E-9210-4FF9-AE74-F68EF2413FFF}.Debug|Any CPU.Build.0 = Debug|Any CPU
		{DD26651E-9210-4FF9-AE74-F68EF2413FFF}.Release|Any CPU.ActiveCfg = Release|Any CPU
		{DD26651E-9210-4FF9-AE74-F68EF2413FFF}.Release|Any CPU.Build.0 = Release|Any CPU
		{2B39394A-7825-4012-ABCC-6BD15801BA7F}.Debug|Any CPU.ActiveCfg = Debug|Any CPU
		{2B39394A-7825-4012-ABCC-6BD15801BA7F}.Debug|Any CPU.Build.0 = Debug|Any CPU
		{2B39394A-7825-4012-ABCC-6BD15801BA7F}.Release|Any CPU.ActiveCfg = Release|Any CPU
		{2B39394A-7825-4012-ABCC-6BD15801BA7F}.Release|Any CPU.Build.0 = Release|Any CPU
		{962D0B80-78FE-4A02-9493-3C1EEF39E7DE}.Debug|Any CPU.ActiveCfg = Debug|Any CPU
		{962D0B80-78FE-4A02-9493-3C1EEF39E7DE}.Debug|Any CPU.Build.0 = Debug|Any CPU
		{962D0B80-78FE-4A02-9493-3C1EEF39E7DE}.Release|Any CPU.ActiveCfg = Release|Any CPU
		{962D0B80-78FE-4A02-9493-3C1EEF39E7DE}.Release|Any CPU.Build.0 = Release|Any CPU
		{46FB37DD-8F2B-4476-9E23-EA19C350DDA9}.Debug|Any CPU.ActiveCfg = Debug|Any CPU
		{46FB37DD-8F2B-4476-9E23-EA19C350DDA9}.Debug|Any CPU.Build.0 = Debug|Any CPU
		{46FB37DD-8F2B-4476-9E23-EA19C350DDA9}.Release|Any CPU.ActiveCfg = Release|Any CPU
		{46FB37DD-8F2B-4476-9E23-EA19C350DDA9}.Release|Any CPU.Build.0 = Release|Any CPU
		{FAA082F7-A439-4DE4-9978-152885E9C8AA}.Debug|Any CPU.ActiveCfg = Debug|Any CPU
		{FAA082F7-A439-4DE4-9978-152885E9C8AA}.Debug|Any CPU.Build.0 = Debug|Any CPU
		{FAA082F7-A439-4DE4-9978-152885E9C8AA}.Release|Any CPU.ActiveCfg = Release|Any CPU
		{FAA082F7-A439-4DE4-9978-152885E9C8AA}.Release|Any CPU.Build.0 = Release|Any CPU
		{324D3333-A373-499C-A1E7-FFF27E519C26}.Debug|Any CPU.ActiveCfg = Debug|Any CPU
		{324D3333-A373-499C-A1E7-FFF27E519C26}.Debug|Any CPU.Build.0 = Debug|Any CPU
		{324D3333-A373-499C-A1E7-FFF27E519C26}.Release|Any CPU.ActiveCfg = Release|Any CPU
		{324D3333-A373-499C-A1E7-FFF27E519C26}.Release|Any CPU.Build.0 = Release|Any CPU
		{37EB16AE-FF60-44E3-B281-01F86A55D35C}.Debug|Any CPU.ActiveCfg = Debug|Any CPU
		{37EB16AE-FF60-44E3-B281-01F86A55D35C}.Debug|Any CPU.Build.0 = Debug|Any CPU
		{37EB16AE-FF60-44E3-B281-01F86A55D35C}.Release|Any CPU.ActiveCfg = Release|Any CPU
		{37EB16AE-FF60-44E3-B281-01F86A55D35C}.Release|Any CPU.Build.0 = Release|Any CPU
		{FBE7050B-6655-4638-A793-941406560FD8}.Debug|Any CPU.ActiveCfg = Debug|Any CPU
		{FBE7050B-6655-4638-A793-941406560FD8}.Debug|Any CPU.Build.0 = Debug|Any CPU
		{FBE7050B-6655-4638-A793-941406560FD8}.Release|Any CPU.ActiveCfg = Release|Any CPU
		{FBE7050B-6655-4638-A793-941406560FD8}.Release|Any CPU.Build.0 = Release|Any CPU
		{EDC8D54B-3C86-49AF-BA5B-8BC3C09A3BFE}.Debug|Any CPU.ActiveCfg = Debug|Any CPU
		{EDC8D54B-3C86-49AF-BA5B-8BC3C09A3BFE}.Debug|Any CPU.Build.0 = Debug|Any CPU
		{EDC8D54B-3C86-49AF-BA5B-8BC3C09A3BFE}.Release|Any CPU.ActiveCfg = Release|Any CPU
		{EDC8D54B-3C86-49AF-BA5B-8BC3C09A3BFE}.Release|Any CPU.Build.0 = Release|Any CPU
		{9E42C568-6A05-4C8E-9382-39463F7B0D95}.Debug|Any CPU.ActiveCfg = Debug|Any CPU
		{9E42C568-6A05-4C8E-9382-39463F7B0D95}.Debug|Any CPU.Build.0 = Debug|Any CPU
		{9E42C568-6A05-4C8E-9382-39463F7B0D95}.Release|Any CPU.ActiveCfg = Release|Any CPU
		{9E42C568-6A05-4C8E-9382-39463F7B0D95}.Release|Any CPU.Build.0 = Release|Any CPU
		{A0B0AEC0-B376-4F99-966E-70B47E39F8CF}.Debug|Any CPU.ActiveCfg = Debug|Any CPU
		{A0B0AEC0-B376-4F99-966E-70B47E39F8CF}.Debug|Any CPU.Build.0 = Debug|Any CPU
		{A0B0AEC0-B376-4F99-966E-70B47E39F8CF}.Release|Any CPU.ActiveCfg = Release|Any CPU
		{A0B0AEC0-B376-4F99-966E-70B47E39F8CF}.Release|Any CPU.Build.0 = Release|Any CPU
		{D86831A8-1FA1-467A-B098-7CA005D13E74}.Debug|Any CPU.ActiveCfg = Debug|Any CPU
		{D86831A8-1FA1-467A-B098-7CA005D13E74}.Debug|Any CPU.Build.0 = Debug|Any CPU
		{D86831A8-1FA1-467A-B098-7CA005D13E74}.Release|Any CPU.ActiveCfg = Release|Any CPU
		{D86831A8-1FA1-467A-B098-7CA005D13E74}.Release|Any CPU.Build.0 = Release|Any CPU
		{1AD87F40-8843-4EA3-8B94-4DB26DD73270}.Debug|Any CPU.ActiveCfg = Debug|Any CPU
		{1AD87F40-8843-4EA3-8B94-4DB26DD73270}.Debug|Any CPU.Build.0 = Debug|Any CPU
		{1AD87F40-8843-4EA3-8B94-4DB26DD73270}.Release|Any CPU.ActiveCfg = Release|Any CPU
		{1AD87F40-8843-4EA3-8B94-4DB26DD73270}.Release|Any CPU.Build.0 = Release|Any CPU
		{19F735DE-D1A6-4EC5-9632-CFE5F48058E3}.Debug|Any CPU.ActiveCfg = Debug|Any CPU
		{19F735DE-D1A6-4EC5-9632-CFE5F48058E3}.Debug|Any CPU.Build.0 = Debug|Any CPU
		{19F735DE-D1A6-4EC5-9632-CFE5F48058E3}.Release|Any CPU.ActiveCfg = Release|Any CPU
		{19F735DE-D1A6-4EC5-9632-CFE5F48058E3}.Release|Any CPU.Build.0 = Release|Any CPU
		{36289F8D-FF9E-415E-8712-10418D363B15}.Debug|Any CPU.ActiveCfg = Debug|Any CPU
		{36289F8D-FF9E-415E-8712-10418D363B15}.Debug|Any CPU.Build.0 = Debug|Any CPU
		{36289F8D-FF9E-415E-8712-10418D363B15}.Release|Any CPU.ActiveCfg = Release|Any CPU
		{36289F8D-FF9E-415E-8712-10418D363B15}.Release|Any CPU.Build.0 = Release|Any CPU
		{E546396C-9F08-448C-911C-EEF0A93C4A09}.Debug|Any CPU.ActiveCfg = Debug|Any CPU
		{E546396C-9F08-448C-911C-EEF0A93C4A09}.Debug|Any CPU.Build.0 = Debug|Any CPU
		{E546396C-9F08-448C-911C-EEF0A93C4A09}.Release|Any CPU.ActiveCfg = Release|Any CPU
		{E546396C-9F08-448C-911C-EEF0A93C4A09}.Release|Any CPU.Build.0 = Release|Any CPU
		{275F07CE-943E-4F74-87BE-F129D2B1E1AA}.Debug|Any CPU.ActiveCfg = Debug|Any CPU
		{275F07CE-943E-4F74-87BE-F129D2B1E1AA}.Debug|Any CPU.Build.0 = Debug|Any CPU
		{275F07CE-943E-4F74-87BE-F129D2B1E1AA}.Release|Any CPU.ActiveCfg = Release|Any CPU
		{275F07CE-943E-4F74-87BE-F129D2B1E1AA}.Release|Any CPU.Build.0 = Release|Any CPU
		{9DF8EF93-FC16-408B-A04B-6D1E5BCBD1C2}.Debug|Any CPU.ActiveCfg = Debug|Any CPU
		{9DF8EF93-FC16-408B-A04B-6D1E5BCBD1C2}.Debug|Any CPU.Build.0 = Debug|Any CPU
		{9DF8EF93-FC16-408B-A04B-6D1E5BCBD1C2}.Release|Any CPU.ActiveCfg = Release|Any CPU
		{9DF8EF93-FC16-408B-A04B-6D1E5BCBD1C2}.Release|Any CPU.Build.0 = Release|Any CPU
	EndGlobalSection
	GlobalSection(SolutionProperties) = preSolution
		HideSolutionNode = FALSE
	EndGlobalSection
	GlobalSection(NestedProjects) = preSolution
		{DD26651E-9210-4FF9-AE74-F68EF2413FFF} = {B810C885-F1B1-42B7-9032-C56DECEFB7E4}
		{2B39394A-7825-4012-ABCC-6BD15801BA7F} = {AAC9449A-7297-48B8-8EAC-2DF5F4B0AEEE}
		{962D0B80-78FE-4A02-9493-3C1EEF39E7DE} = {5B539B75-A544-4DEF-8188-4DD8135AC966}
		{46FB37DD-8F2B-4476-9E23-EA19C350DDA9} = {3D85FD94-CB06-4A76-98CE-D87A65174CA0}
		{FAA082F7-A439-4DE4-9978-152885E9C8AA} = {429BFAF2-8931-47D3-AB08-FFC93B9E7F96}
		{37EB16AE-FF60-44E3-B281-01F86A55D35C} = {B810C885-F1B1-42B7-9032-C56DECEFB7E4}
		{FBE7050B-6655-4638-A793-941406560FD8} = {B810C885-F1B1-42B7-9032-C56DECEFB7E4}
		{EDC8D54B-3C86-49AF-BA5B-8BC3C09A3BFE} = {AAC9449A-7297-48B8-8EAC-2DF5F4B0AEEE}
		{9E42C568-6A05-4C8E-9382-39463F7B0D95} = {43D8AE58-FC7F-4D2F-ABA7-81DF98C09267}
		{A0B0AEC0-B376-4F99-966E-70B47E39F8CF} = {43D8AE58-FC7F-4D2F-ABA7-81DF98C09267}
		{D86831A8-1FA1-467A-B098-7CA005D13E74} = {5B539B75-A544-4DEF-8188-4DD8135AC966}
		{1AD87F40-8843-4EA3-8B94-4DB26DD73270} = {5B539B75-A544-4DEF-8188-4DD8135AC966}
		{19F735DE-D1A6-4EC5-9632-CFE5F48058E3} = {3D85FD94-CB06-4A76-98CE-D87A65174CA0}
		{85C08DB5-18A4-4195-84FF-D6332C0AEA41} = {429BFAF2-8931-47D3-AB08-FFC93B9E7F96}
		{A0D693CD-9709-47A2-B8FB-9617F7C9A9E9} = {429BFAF2-8931-47D3-AB08-FFC93B9E7F96}
		{36289F8D-FF9E-415E-8712-10418D363B15} = {85C08DB5-18A4-4195-84FF-D6332C0AEA41}
		{E546396C-9F08-448C-911C-EEF0A93C4A09} = {85C08DB5-18A4-4195-84FF-D6332C0AEA41}
		{275F07CE-943E-4F74-87BE-F129D2B1E1AA} = {A0D693CD-9709-47A2-B8FB-9617F7C9A9E9}
		{9DF8EF93-FC16-408B-A04B-6D1E5BCBD1C2} = {A0D693CD-9709-47A2-B8FB-9617F7C9A9E9}
	EndGlobalSection
	GlobalSection(ExtensibilityGlobals) = postSolution
		SolutionGuid = {B626D7B0-8D2F-4DDE-976B-FFC32329DD0F}
	EndGlobalSection
EndGlobal
